# This file is automatically @generated by Cargo.
# It is not intended for manual editing.
version = 3

[[package]]
name = "beginner-series-3-sum-of-numbers"
version = "0.1.0"

[[package]]
name = "build-tower"
version = "0.1.0"

[[package]]
name = "create-phone-number"
version = "0.1.0"

[[package]]
name = "find-the-missing-letter"
version = "0.1.0"

[[package]]
name = "find-the-next-perfect-square"
version = "0.1.0"

[[package]]
name = "human-readable-time"
version = "0.1.0"

[[package]]
name = "josephus-permutatio"
version = "0.1.0"

[[package]]
name = "moving-zeros-to-the-end"
version = "0.1.0"

[[package]]
name = "multiples-of-3-or-5"
version = "0.1.0"

[[package]]
name = "rot13"
version = "0.1.0"

[[package]]
name = "sort-the-odd"
version = "0.1.0"

[[package]]
name = "sum-of-digits-digital-root"
version = "0.1.0"
